// !$*UTF8*$!
{
	archiveVersion = 1;
	classes = {
	};
	objectVersion = 50;
	objects = {

/* Begin PBXBuildFile section */
		192639902487951F004BE2F9 /* AppDelegate.swift in Sources */ = {isa = PBXBuildFile; fileRef = 1926398F2487951F004BE2F9 /* AppDelegate.swift */; };
		192639922487951F004BE2F9 /* SceneDelegate.swift in Sources */ = {isa = PBXBuildFile; fileRef = 192639912487951F004BE2F9 /* SceneDelegate.swift */; };
		192639942487951F004BE2F9 /* ViewController.swift in Sources */ = {isa = PBXBuildFile; fileRef = 192639932487951F004BE2F9 /* ViewController.swift */; };
		192639972487951F004BE2F9 /* Main.storyboard in Resources */ = {isa = PBXBuildFile; fileRef = 192639952487951F004BE2F9 /* Main.storyboard */; };
		1926399924879520004BE2F9 /* Assets.xcassets in Resources */ = {isa = PBXBuildFile; fileRef = 1926399824879520004BE2F9 /* Assets.xcassets */; };
		1926399C24879520004BE2F9 /* LaunchScreen.storyboard in Resources */ = {isa = PBXBuildFile; fileRef = 1926399A24879520004BE2F9 /* LaunchScreen.storyboard */; };
		192639A724879520004BE2F9 /* ArithmeticSwiftTests.swift in Sources */ = {isa = PBXBuildFile; fileRef = 192639A624879520004BE2F9 /* ArithmeticSwiftTests.swift */; };
		192639B224879520004BE2F9 /* ArithmeticSwiftUITests.swift in Sources */ = {isa = PBXBuildFile; fileRef = 192639B124879520004BE2F9 /* ArithmeticSwiftUITests.swift */; };
		192639C12487954F004BE2F9 /* QuickSort.swift in Sources */ = {isa = PBXBuildFile; fileRef = 192639C02487954F004BE2F9 /* QuickSort.swift */; };
		192639C524879DD1004BE2F9 /* QuickSort.swift in Sources */ = {isa = PBXBuildFile; fileRef = 192639C424879DD1004BE2F9 /* QuickSort.swift */; };
/* End PBXBuildFile section */

/* Begin PBXContainerItemProxy section */
		192639A324879520004BE2F9 /* PBXContainerItemProxy */ = {
			isa = PBXContainerItemProxy;
			containerPortal = 192639842487951F004BE2F9 /* Project object */;
			proxyType = 1;
			remoteGlobalIDString = 1926398B2487951F004BE2F9;
			remoteInfo = ArithmeticSwift;
		};
		192639AE24879520004BE2F9 /* PBXContainerItemProxy */ = {
			isa = PBXContainerItemProxy;
			containerPortal = 192639842487951F004BE2F9 /* Project object */;
			proxyType = 1;
			remoteGlobalIDString = 1926398B2487951F004BE2F9;
			remoteInfo = ArithmeticSwift;
		};
/* End PBXContainerItemProxy section */

/* Begin PBXFileReference section */
		1926398C2487951F004BE2F9 /* ArithmeticSwift.app */ = {isa = PBXFileReference; explicitFileType = wrapper.application; includeInIndex = 0; path = ArithmeticSwift.app; sourceTree = BUILT_PRODUCTS_DIR; };
		1926398F2487951F004BE2F9 /* AppDelegate.swift */ = {isa = PBXFileReference; lastKnownFileType = sourcecode.swift; path = AppDelegate.swift; sourceTree = "<group>"; };
		192639912487951F004BE2F9 /* SceneDelegate.swift */ = {isa = PBXFileReference; lastKnownFileType = sourcecode.swift; path = SceneDelegate.swift; sourceTree = "<group>"; };
		192639932487951F004BE2F9 /* ViewController.swift */ = {isa = PBXFileReference; lastKnownFileType = sourcecode.swift; path = ViewController.swift; sourceTree = "<group>"; };
		192639962487951F004BE2F9 /* Base */ = {isa = PBXFileReference; lastKnownFileType = file.storyboard; name = Base; path = Base.lproj/Main.storyboard; sourceTree = "<group>"; };
		1926399824879520004BE2F9 /* Assets.xcassets */ = {isa = PBXFileReference; lastKnownFileType = folder.assetcatalog; path = Assets.xcassets; sourceTree = "<group>"; };
		1926399B24879520004BE2F9 /* Base */ = {isa = PBXFileReference; lastKnownFileType = file.storyboard; name = Base; path = Base.lproj/LaunchScreen.storyboard; sourceTree = "<group>"; };
		1926399D24879520004BE2F9 /* Info.plist */ = {isa = PBXFileReference; lastKnownFileType = text.plist.xml; path = Info.plist; sourceTree = "<group>"; };
		192639A224879520004BE2F9 /* ArithmeticSwiftTests.xctest */ = {isa = PBXFileReference; explicitFileType = wrapper.cfbundle; includeInIndex = 0; path = ArithmeticSwiftTests.xctest; sourceTree = BUILT_PRODUCTS_DIR; };
		192639A624879520004BE2F9 /* ArithmeticSwiftTests.swift */ = {isa = PBXFileReference; lastKnownFileType = sourcecode.swift; path = ArithmeticSwiftTests.swift; sourceTree = "<group>"; };
		192639A824879520004BE2F9 /* Info.plist */ = {isa = PBXFileReference; lastKnownFileType = text.plist.xml; path = Info.plist; sourceTree = "<group>"; };
		192639AD24879520004BE2F9 /* ArithmeticSwiftUITests.xctest */ = {isa = PBXFileReference; explicitFileType = wrapper.cfbundle; includeInIndex = 0; path = ArithmeticSwiftUITests.xctest; sourceTree = BUILT_PRODUCTS_DIR; };
		192639B124879520004BE2F9 /* ArithmeticSwiftUITests.swift */ = {isa = PBXFileReference; lastKnownFileType = sourcecode.swift; path = ArithmeticSwiftUITests.swift; sourceTree = "<group>"; };
		192639B324879520004BE2F9 /* Info.plist */ = {isa = PBXFileReference; lastKnownFileType = text.plist.xml; path = Info.plist; sourceTree = "<group>"; };
		192639C02487954F004BE2F9 /* QuickSort.swift */ = {isa = PBXFileReference; lastKnownFileType = sourcecode.swift; path = QuickSort.swift; sourceTree = "<group>"; };
		192639C424879DD1004BE2F9 /* QuickSort.swift */ = {isa = PBXFileReference; lastKnownFileType = sourcecode.swift; path = QuickSort.swift; sourceTree = "<group>"; };
/* End PBXFileReference section */

/* Begin PBXFrameworksBuildPhase section */
		192639892487951F004BE2F9 /* Frameworks */ = {
			isa = PBXFrameworksBuildPhase;
			buildActionMask = 2147483647;
			files = (
			);
			runOnlyForDeploymentPostprocessing = 0;
		};
		1926399F24879520004BE2F9 /* Frameworks */ = {
			isa = PBXFrameworksBuildPhase;
			buildActionMask = 2147483647;
			files = (
			);
			runOnlyForDeploymentPostprocessing = 0;
		};
		192639AA24879520004BE2F9 /* Frameworks */ = {
			isa = PBXFrameworksBuildPhase;
			buildActionMask = 2147483647;
			files = (
			);
			runOnlyForDeploymentPostprocessing = 0;
		};
/* End PBXFrameworksBuildPhase section */

/* Begin PBXGroup section */
		192639832487951F004BE2F9 = {
			isa = PBXGroup;
			children = (
				1926398E2487951F004BE2F9 /* ArithmeticSwift */,
				192639A524879520004BE2F9 /* ArithmeticSwiftTests */,
				192639B024879520004BE2F9 /* ArithmeticSwiftUITests */,
				1926398D2487951F004BE2F9 /* Products */,
			);
			sourceTree = "<group>";
		};
		1926398D2487951F004BE2F9 /* Products */ = {
			isa = PBXGroup;
			children = (
				1926398C2487951F004BE2F9 /* ArithmeticSwift.app */,
				192639A224879520004BE2F9 /* ArithmeticSwiftTests.xctest */,
				192639AD24879520004BE2F9 /* ArithmeticSwiftUITests.xctest */,
			);
			name = Products;
			sourceTree = "<group>";
		};
		1926398E2487951F004BE2F9 /* ArithmeticSwift */ = {
			isa = PBXGroup;
			children = (
				192639BF2487953C004BE2F9 /* QuickSort */,
				1926398F2487951F004BE2F9 /* AppDelegate.swift */,
				192639912487951F004BE2F9 /* SceneDelegate.swift */,
				192639932487951F004BE2F9 /* ViewController.swift */,
				192639952487951F004BE2F9 /* Main.storyboard */,
				1926399824879520004BE2F9 /* Assets.xcassets */,
				1926399A24879520004BE2F9 /* LaunchScreen.storyboard */,
				1926399D24879520004BE2F9 /* Info.plist */,
				192639C424879DD1004BE2F9 /* QuickSort.swift */,
			);
			path = ArithmeticSwift;
			sourceTree = "<group>";
		};
		192639A524879520004BE2F9 /* ArithmeticSwiftTests */ = {
			isa = PBXGroup;
			children = (
				192639A624879520004BE2F9 /* ArithmeticSwiftTests.swift */,
				192639A824879520004BE2F9 /* Info.plist */,
			);
			path = ArithmeticSwiftTests;
			sourceTree = "<group>";
		};
		192639B024879520004BE2F9 /* ArithmeticSwiftUITests */ = {
			isa = PBXGroup;
			children = (
				192639B124879520004BE2F9 /* ArithmeticSwiftUITests.swift */,
				192639B324879520004BE2F9 /* Info.plist */,
			);
			path = ArithmeticSwiftUITests;
			sourceTree = "<group>";
		};
		192639BF2487953C004BE2F9 /* QuickSort */ = {
			isa = PBXGroup;
			children = (
				192639C02487954F004BE2F9 /* QuickSort.swift */,
			);
			path = QuickSort;
			sourceTree = "<group>";
		};
/* End PBXGroup section */

/* Begin PBXNativeTarget section */
		1926398B2487951F004BE2F9 /* ArithmeticSwift */ = {
			isa = PBXNativeTarget;
			buildConfigurationList = 192639B624879520004BE2F9 /* Build configuration list for PBXNativeTarget "ArithmeticSwift" */;
			buildPhases = (
				192639882487951F004BE2F9 /* Sources */,
				192639892487951F004BE2F9 /* Frameworks */,
				1926398A2487951F004BE2F9 /* Resources */,
			);
			buildRules = (
			);
			dependencies = (
			);
			name = ArithmeticSwift;
			productName = ArithmeticSwift;
			productReference = 1926398C2487951F004BE2F9 /* ArithmeticSwift.app */;
			productType = "com.apple.product-type.application";
		};
		192639A124879520004BE2F9 /* ArithmeticSwiftTests */ = {
			isa = PBXNativeTarget;
			buildConfigurationList = 192639B924879520004BE2F9 /* Build configuration list for PBXNativeTarget "ArithmeticSwiftTests" */;
			buildPhases = (
				1926399E24879520004BE2F9 /* Sources */,
				1926399F24879520004BE2F9 /* Frameworks */,
				192639A024879520004BE2F9 /* Resources */,
			);
			buildRules = (
			);
			dependencies = (
				192639A424879520004BE2F9 /* PBXTargetDependency */,
			);
			name = ArithmeticSwiftTests;
			productName = ArithmeticSwiftTests;
			productReference = 192639A224879520004BE2F9 /* ArithmeticSwiftTests.xctest */;
			productType = "com.apple.product-type.bundle.unit-test";
		};
		192639AC24879520004BE2F9 /* ArithmeticSwiftUITests */ = {
			isa = PBXNativeTarget;
			buildConfigurationList = 192639BC24879520004BE2F9 /* Build configuration list for PBXNativeTarget "ArithmeticSwiftUITests" */;
			buildPhases = (
				192639A924879520004BE2F9 /* Sources */,
				192639AA24879520004BE2F9 /* Frameworks */,
				192639AB24879520004BE2F9 /* Resources */,
			);
			buildRules = (
			);
			dependencies = (
				192639AF24879520004BE2F9 /* PBXTargetDependency */,
			);
			name = ArithmeticSwiftUITests;
			productName = ArithmeticSwiftUITests;
			productReference = 192639AD24879520004BE2F9 /* ArithmeticSwiftUITests.xctest */;
			productType = "com.apple.product-type.bundle.ui-testing";
		};
/* End PBXNativeTarget section */

/* Begin PBXProject section */
		192639842487951F004BE2F9 /* Project object */ = {
			isa = PBXProject;
			attributes = {
				LastSwiftUpdateCheck = 1120;
				LastUpgradeCheck = 1120;
				ORGANIZATIONNAME = "冯才凡";
				TargetAttributes = {
					1926398B2487951F004BE2F9 = {
						CreatedOnToolsVersion = 11.2.1;
					};
					192639A124879520004BE2F9 = {
						CreatedOnToolsVersion = 11.2.1;
						TestTargetID = 1926398B2487951F004BE2F9;
					};
					192639AC24879520004BE2F9 = {
						CreatedOnToolsVersion = 11.2.1;
						TestTargetID = 1926398B2487951F004BE2F9;
					};
				};
			};
			buildConfigurationList = 192639872487951F004BE2F9 /* Build configuration list for PBXProject "ArithmeticSwift" */;
			compatibilityVersion = "Xcode 9.3";
			developmentRegion = en;
			hasScannedForEncodings = 0;
			knownRegions = (
				en,
				Base,
			);
			mainGroup = 192639832487951F004BE2F9;
			productRefGroup = 1926398D2487951F004BE2F9 /* Products */;
			projectDirPath = "";
			projectRoot = "";
			targets = (
				1926398B2487951F004BE2F9 /* ArithmeticSwift */,
				192639A124879520004BE2F9 /* ArithmeticSwiftTests */,
				192639AC24879520004BE2F9 /* ArithmeticSwiftUITests */,
			);
		};
/* End PBXProject section */

/* Begin PBXResourcesBuildPhase section */
		1926398A2487951F004BE2F9 /* Resources */ = {
			isa = PBXResourcesBuildPhase;
			buildActionMask = 2147483647;
			files = (
				1926399C24879520004BE2F9 /* LaunchScreen.storyboard in Resources */,
				1926399924879520004BE2F9 /* Assets.xcassets in Resources */,
				192639972487951F004BE2F9 /* Main.storyboard in Resources */,
			);
			runOnlyForDeploymentPostprocessing = 0;
		};
		192639A024879520004BE2F9 /* Resources */ = {
			isa = PBXResourcesBuildPhase;
			buildActionMask = 2147483647;
			files = (
			);
			runOnlyForDeploymentPostprocessing = 0;
		};
		192639AB24879520004BE2F9 /* Resources */ = {
			isa = PBXResourcesBuildPhase;
			buildActionMask = 2147483647;
			files = (
			);
			runOnlyForDeploymentPostprocessing = 0;
		};
/* End PBXResourcesBuildPhase section */

/* Begin PBXSourcesBuildPhase section */
		192639882487951F004BE2F9 /* Sources */ = {
			isa = PBXSourcesBuildPhase;
			buildActionMask = 2147483647;
			files = (
				192639942487951F004BE2F9 /* ViewController.swift in Sources */,
				192639902487951F004BE2F9 /* AppDelegate.swift in Sources */,
				192639922487951F004BE2F9 /* SceneDelegate.swift in Sources */,
				192639C12487954F004BE2F9 /* QuickSort.swift in Sources */,
			);
			runOnlyForDeploymentPostprocessing = 0;
		};
		1926399E24879520004BE2F9 /* Sources */ = {
			isa = PBXSourcesBuildPhase;
			buildActionMask = 2147483647;
			files = (
				192639A724879520004BE2F9 /* ArithmeticSwiftTests.swift in Sources */,
				192639C524879DD1004BE2F9 /* QuickSort.swift in Sources */,
			);
			runOnlyForDeploymentPostprocessing = 0;
		};
		192639A924879520004BE2F9 /* Sources */ = {
			isa = PBXSourcesBuildPhase;
			buildActionMask = 2147483647;
			files = (
				192639B224879520004BE2F9 /* ArithmeticSwiftUITests.swift in Sources */,
			);
			runOnlyForDeploymentPostprocessing = 0;
		};
/* End PBXSourcesBuildPhase section */

/* Begin PBXTargetDependency section */
		192639A424879520004BE2F9 /* PBXTargetDependency */ = {
			isa = PBXTargetDependency;
			target = 1926398B2487951F004BE2F9 /* ArithmeticSwift */;
			targetProxy = 192639A324879520004BE2F9 /* PBXContainerItemProxy */;
		};
		192639AF24879520004BE2F9 /* PBXTargetDependency */ = {
			isa = PBXTargetDependency;
			target = 1926398B2487951F004BE2F9 /* ArithmeticSwift */;
			targetProxy = 192639AE24879520004BE2F9 /* PBXContainerItemProxy */;
		};
/* End PBXTargetDependency section */

/* Begin PBXVariantGroup section */
		192639952487951F004BE2F9 /* Main.storyboard */ = {
			isa = PBXVariantGroup;
			children = (
				192639962487951F004BE2F9 /* Base */,
			);
			name = Main.storyboard;
			sourceTree = "<group>";
		};
		1926399A24879520004BE2F9 /* LaunchScreen.storyboard */ = {
			isa = PBXVariantGroup;
			children = (
				1926399B24879520004BE2F9 /* Base */,
			);
			name = LaunchScreen.storyboard;
			sourceTree = "<group>";
		};
/* End PBXVariantGroup section */

/* Begin XCBuildConfiguration section */
		192639B424879520004BE2F9 /* Debug */ = {
			isa = XCBuildConfiguration;
			buildSettings = {
				ALWAYS_SEARCH_USER_PATHS = NO;
				CLANG_ANALYZER_NONNULL = YES;
				CLANG_ANALYZER_NUMBER_OBJECT_CONVERSION = YES_AGGRESSIVE;
				CLANG_CXX_LANGUAGE_STANDARD = "gnu++14";
				CLANG_CXX_LIBRARY = "libc++";
				CLANG_ENABLE_MODULES = YES;
				CLANG_ENABLE_OBJC_ARC = YES;
				CLANG_ENABLE_OBJC_WEAK = YES;
				CLANG_WARN_BLOCK_CAPTURE_AUTORELEASING = YES;
				CLANG_WARN_BOOL_CONVERSION = YES;
				CLANG_WARN_COMMA = YES;
				CLANG_WARN_CONSTANT_CONVERSION = YES;
				CLANG_WARN_DEPRECATED_OBJC_IMPLEMENTATIONS = YES;
				CLANG_WARN_DIRECT_OBJC_ISA_USAGE = YES_ERROR;
				CLANG_WARN_DOCUMENTATION_COMMENTS = YES;
				CLANG_WARN_EMPTY_BODY = YES;
				CLANG_WARN_ENUM_CONVERSION = YES;
				CLANG_WARN_INFINITE_RECURSION = YES;
				CLANG_WARN_INT_CONVERSION = YES;
				CLANG_WARN_NON_LITERAL_NULL_CONVERSION = YES;
				CLANG_WARN_OBJC_IMPLICIT_RETAIN_SELF = YES;
				CLANG_WARN_OBJC_LITERAL_CONVERSION = YES;
				CLANG_WARN_OBJC_ROOT_CLASS = YES_ERROR;
				CLANG_WARN_RANGE_LOOP_ANALYSIS = YES;
				CLANG_WARN_STRICT_PROTOTYPES = YES;
				CLANG_WARN_SUSPICIOUS_MOVE = YES;
				CLANG_WARN_UNGUARDED_AVAILABILITY = YES_AGGRESSIVE;
				CLANG_WARN_UNREACHABLE_CODE = YES;
				CLANG_WARN__DUPLICATE_METHOD_MATCH = YES;
				COPY_PHASE_STRIP = NO;
				DEBUG_INFORMATION_FORMAT = dwarf;
				ENABLE_STRICT_OBJC_MSGSEND = YES;
				ENABLE_TESTABILITY = YES;
				GCC_C_LANGUAGE_STANDARD = gnu11;
				GCC_DYNAMIC_NO_PIC = NO;
				GCC_NO_COMMON_BLOCKS = YES;
				GCC_OPTIMIZATION_LEVEL = 0;
				GCC_PREPROCESSOR_DEFINITIONS = (
					"DEBUG=1",
					"$(inherited)",
				);
				GCC_WARN_64_TO_32_BIT_CONVERSION = YES;
				GCC_WARN_ABOUT_RETURN_TYPE = YES_ERROR;
				GCC_WARN_UNDECLARED_SELECTOR = YES;
				GCC_WARN_UNINITIALIZED_AUTOS = YES_AGGRESSIVE;
				GCC_WARN_UNUSED_FUNCTION = YES;
				GCC_WARN_UNUSED_VARIABLE = YES;
				IPHONEOS_DEPLOYMENT_TARGET = 13.2;
				MTL_ENABLE_DEBUG_INFO = INCLUDE_SOURCE;
				MTL_FAST_MATH = YES;
				ONLY_ACTIVE_ARCH = YES;
				SDKROOT = iphoneos;
				SWIFT_ACTIVE_COMPILATION_CONDITIONS = DEBUG;
				SWIFT_OPTIMIZATION_LEVEL = "-Onone";
			};
			name = Debug;
		};
		192639B524879520004BE2F9 /* Release */ = {
			isa = XCBuildConfiguration;
			buildSettings = {
				ALWAYS_SEARCH_USER_PATHS = NO;
				CLANG_ANALYZER_NONNULL = YES;
				CLANG_ANALYZER_NUMBER_OBJECT_CONVERSION = YES_AGGRESSIVE;
				CLANG_CXX_LANGUAGE_STANDARD = "gnu++14";
				CLANG_CXX_LIBRARY = "libc++";
				CLANG_ENABLE_MODULES = YES;
				CLANG_ENABLE_OBJC_ARC = YES;
				CLANG_ENABLE_OBJC_WEAK = YES;
				CLANG_WARN_BLOCK_CAPTURE_AUTORELEASING = YES;
				CLANG_WARN_BOOL_CONVERSION = YES;
				CLANG_WARN_COMMA = YES;
				CLANG_WARN_CONSTANT_CONVERSION = YES;
				CLANG_WARN_DEPRECATED_OBJC_IMPLEMENTATIONS = YES;
				CLANG_WARN_DIRECT_OBJC_ISA_USAGE = YES_ERROR;
				CLANG_WARN_DOCUMENTATION_COMMENTS = YES;
				CLANG_WARN_EMPTY_BODY = YES;
				CLANG_WARN_ENUM_CONVERSION = YES;
				CLANG_WARN_INFINITE_RECURSION = YES;
				CLANG_WARN_INT_CONVERSION = YES;
				CLANG_WARN_NON_LITERAL_NULL_CONVERSION = YES;
				CLANG_WARN_OBJC_IMPLICIT_RETAIN_SELF = YES;
				CLANG_WARN_OBJC_LITERAL_CONVERSION = YES;
				CLANG_WARN_OBJC_ROOT_CLASS = YES_ERROR;
				CLANG_WARN_RANGE_LOOP_ANALYSIS = YES;
				CLANG_WARN_STRICT_PROTOTYPES = YES;
				CLANG_WARN_SUSPICIOUS_MOVE = YES;
				CLANG_WARN_UNGUARDED_AVAILABILITY = YES_AGGRESSIVE;
				CLANG_WARN_UNREACHABLE_CODE = YES;
				CLANG_WARN__DUPLICATE_METHOD_MATCH = YES;
				COPY_PHASE_STRIP = NO;
				DEBUG_INFORMATION_FORMAT = "dwarf-with-dsym";
				ENABLE_NS_ASSERTIONS = NO;
				ENABLE_STRICT_OBJC_MSGSEND = YES;
				GCC_C_LANGUAGE_STANDARD = gnu11;
				GCC_NO_COMMON_BLOCKS = YES;
				GCC_WARN_64_TO_32_BIT_CONVERSION = YES;
				GCC_WARN_ABOUT_RETURN_TYPE = YES_ERROR;
				GCC_WARN_UNDECLARED_SELECTOR = YES;
				GCC_WARN_UNINITIALIZED_AUTOS = YES_AGGRESSIVE;
				GCC_WARN_UNUSED_FUNCTION = YES;
				GCC_WARN_UNUSED_VARIABLE = YES;
				IPHONEOS_DEPLOYMENT_TARGET = 13.2;
				MTL_ENABLE_DEBUG_INFO = NO;
				MTL_FAST_MATH = YES;
				SDKROOT = iphoneos;
				SWIFT_COMPILATION_MODE = wholemodule;
				SWIFT_OPTIMIZATION_LEVEL = "-O";
				VALIDATE_PRODUCT = YES;
			};
			name = Release;
		};
		192639B724879520004BE2F9 /* Debug */ = {
			isa = XCBuildConfiguration;
			buildSettings = {
				ASSETCATALOG_COMPILER_APPICON_NAME = AppIcon;
				CODE_SIGN_STYLE = Automatic;
				INFOPLIST_FILE = ArithmeticSwift/Info.plist;
				LD_RUNPATH_SEARCH_PATHS = (
					"$(inherited)",
					"@executable_path/Frameworks",
				);
				PRODUCT_BUNDLE_IDENTIFIER = com.fcf.MoyaTest.ArithmeticSwift;
				PRODUCT_NAME = "$(TARGET_NAME)";
				SWIFT_VERSION = 5.0;
				TARGETED_DEVICE_FAMILY = "1,2";
			};
			name = Debug;
		};
		192639B824879520004BE2F9 /* Release */ = {
			isa = XCBuildConfiguration;
			buildSettings = {
				ASSETCATALOG_COMPILER_APPICON_NAME = AppIcon;
				CODE_SIGN_STYLE = Automatic;
				INFOPLIST_FILE = ArithmeticSwift/Info.plist;
				LD_RUNPATH_SEARCH_PATHS = (
					"$(inherited)",
					"@executable_path/Frameworks",
				);
				PRODUCT_BUNDLE_IDENTIFIER = com.fcf.MoyaTest.ArithmeticSwift;
				PRODUCT_NAME = "$(TARGET_NAME)";
				SWIFT_VERSION = 5.0;
				TARGETED_DEVICE_FAMILY = "1,2";
			};
			name = Release;
		};
		192639BA24879520004BE2F9 /* Debug */ = {
			isa = XCBuildConfiguration;
			buildSettings = {
				ALWAYS_EMBED_SWIFT_STANDARD_LIBRARIES = YES;
				BUNDLE_LOADER = "$(TEST_HOST)";
				CODE_SIGN_STYLE = Automatic;
				INFOPLIST_FILE = ArithmeticSwiftTests/Info.plist;
				IPHONEOS_DEPLOYMENT_TARGET = 13.2;
				LD_RUNPATH_SEARCH_PATHS = (
					"$(inherited)",
					"@executable_path/Frameworks",
					"@loader_path/Frameworks",
				);
				PRODUCT_BUNDLE_IDENTIFIER = com.fcf.MoyaTest.ArithmeticSwiftTests;
				PRODUCT_NAME = "$(TARGET_NAME)";
				SWIFT_VERSION = 5.0;
				TARGETED_DEVICE_FAMILY = "1,2";
				TEST_HOST = "$(BUILT_PRODUCTS_DIR)/ArithmeticSwift.app/ArithmeticSwift";
			};
			name = Debug;
		};
		192639BB24879520004BE2F9 /* Release */ = {
			isa = XCBuildConfiguration;
			buildSettings = {
				ALWAYS_EMBED_SWIFT_STANDARD_LIBRARIES = YES;
				BUNDLE_LOADER = "$(TEST_HOST)";
				CODE_SIGN_STYLE = Automatic;
				INFOPLIST_FILE = ArithmeticSwiftTests/Info.plist;
				IPHONEOS_DEPLOYMENT_TARGET = 13.2;
				LD_RUNPATH_SEARCH_PATHS = (
					"$(inherited)",
					"@executable_path/Frameworks",
					"@loader_path/Frameworks",
				);
				PRODUCT_BUNDLE_IDENTIFIER = com.fcf.MoyaTest.ArithmeticSwiftTests;
				PRODUCT_NAME = "$(TARGET_NAME)";
				SWIFT_VERSION = 5.0;
				TARGETED_DEVICE_FAMILY = "1,2";
				TEST_HOST = "$(BUILT_PRODUCTS_DIR)/ArithmeticSwift.app/ArithmeticSwift";
			};
			name = Release;
		};
		192639BD24879520004BE2F9 /* Debug */ = {
			isa = XCBuildConfiguration;
			buildSettings = {
				ALWAYS_EMBED_SWIFT_STANDARD_LIBRARIES = YES;
				CODE_SIGN_STYLE = Automatic;
				INFOPLIST_FILE = ArithmeticSwiftUITests/Info.plist;
				LD_RUNPATH_SEARCH_PATHS = (
					"$(inherited)",
					"@executable_path/Frameworks",
					"@loader_path/Frameworks",
				);
				PRODUCT_BUNDLE_IDENTIFIER = com.fcf.MoyaTest.ArithmeticSwiftUITests;
				PRODUCT_NAME = "$(TARGET_NAME)";
				SWIFT_VERSION = 5.0;
				TARGETED_DEVICE_FAMILY = "1,2";
				TEST_TARGET_NAME = ArithmeticSwift;
			};
			name = Debug;
		};
		192639BE24879520004BE2F9 /* Release */ = {
			isa = XCBuildConfiguration;
			buildSettings = {
				ALWAYS_EMBED_SWIFT_STANDARD_LIBRARIES = YES;
				CODE_SIGN_STYLE = Automatic;
				INFOPLIST_FILE = ArithmeticSwiftUITests/Info.plist;
				LD_RUNPATH_SEARCH_PATHS = (
					"$(inherited)",
					"@executable_path/Frameworks",
					"@loader_path/Frameworks",
				);
				PRODUCT_BUNDLE_IDENTIFIER = com.fcf.MoyaTest.ArithmeticSwiftUITests;
				PRODUCT_NAME = "$(TARGET_NAME)";
				SWIFT_VERSION = 5.0;
				TARGETED_DEVICE_FAMILY = "1,2";
				TEST_TARGET_NAME = ArithmeticSwift;
			};
			name = Release;
		};
/* End XCBuildConfiguration section */

/* Begin XCConfigurationList section */
		192639872487951F004BE2F9 /* Build configuration list for PBXProject "ArithmeticSwift" */ = {
			isa = XCConfigurationList;
			buildConfigurations = (
				192639B424879520004BE2F9 /* Debug */,
				192639B524879520004BE2F9 /* Release */,
			);
			defaultConfigurationIsVisible = 0;
			defaultConfigurationName = Release;
		};
		192639B624879520004BE2F9 /* Build configuration list for PBXNativeTarget "ArithmeticSwift" */ = {
			isa = XCConfigurationList;
			buildConfigurations = (
				192639B724879520004BE2F9 /* Debug */,
				192639B824879520004BE2F9 /* Release */,
			);
			defaultConfigurationIsVisible = 0;
			defaultConfigurationName = Release;
		};
		192639B924879520004BE2F9 /* Build configuration list for PBXNativeTarget "ArithmeticSwiftTests" */ = {
			isa = XCConfigurationList;
			buildConfigurations = (
				192639BA24879520004BE2F9 /* Debug */,
				192639BB24879520004BE2F9 /* Release */,
			);
			defaultConfigurationIsVisible = 0;
			defaultConfigurationName = Release;
		};
		192639BC24879520004BE2F9 /* Build configuration list for PBXNativeTarget "ArithmeticSwiftUITests" */ = {
			isa = XCConfigurationList;
			buildConfigurations = (
				192639BD24879520004BE2F9 /* Debug */,
				192639BE24879520004BE2F9 /* Release */,
			);
			defaultConfigurationIsVisible = 0;
			defaultConfigurationName = Release;
		};
/* End XCConfigurationList section */
	};
	rootObject = 192639842487951F004BE2F9 /* Project object */;
}
