// !$*UTF8*$!
{
	archiveVersion = 1;
	classes = {
	};
	objectVersion = 50;
	objects = {

/* Begin PBXBuildFile section */
		1997CFBA2358083B00869FD4 /* 快慢指针.c in Sources */ = {isa = PBXBuildFile; fileRef = 1997CFB92358083B00869FD4 /* 快慢指针.c */; };
		310D3B6E2354CDB9007E9165 /* 3-3Stack.c in Sources */ = {isa = PBXBuildFile; fileRef = 310D3B6D2354CDB9007E9165 /* 3-3Stack.c */; };
		310D3B712354D512007E9165 /* 3-2-7Examples.c in Sources */ = {isa = PBXBuildFile; fileRef = 310D3B702354D512007E9165 /* 3-2-7Examples.c */; };
		310D3B742354D5A7007E9165 /* 3-3-3Examples.c in Sources */ = {isa = PBXBuildFile; fileRef = 310D3B732354D5A7007E9165 /* 3-3-3Examples.c */; };
		310D3B7923561FFC007E9165 /* RadixSort.c in Sources */ = {isa = PBXBuildFile; fileRef = 310D3B7823561FFC007E9165 /* RadixSort.c */; };
		310D3B7C2357EAB8007E9165 /* 反正单链表.c in Sources */ = {isa = PBXBuildFile; fileRef = 310D3B7B2357EAB8007E9165 /* 反正单链表.c */; };
		310D3B80235A8F95007E9165 /* LeetCodeStackExamples.c in Sources */ = {isa = PBXBuildFile; fileRef = 310D3B7F235A8F95007E9165 /* LeetCodeStackExamples.c */; };
		310D3B83235A92AF007E9165 /* 平衡符合.c in Sources */ = {isa = PBXBuildFile; fileRef = 310D3B82235A92AF007E9165 /* 平衡符合.c */; };
		310D3B87235FD360007E9165 /* CPointer.c in Sources */ = {isa = PBXBuildFile; fileRef = 310D3B86235FD360007E9165 /* CPointer.c */; };
		31A5DC07234F8893003392C3 /* main.c in Sources */ = {isa = PBXBuildFile; fileRef = 31A5DC06234F8893003392C3 /* main.c */; };
		31A5DC10234F88F0003392C3 /* 3-1LinkList.c in Sources */ = {isa = PBXBuildFile; fileRef = 31A5DC0F234F88F0003392C3 /* 3-1LinkList.c */; };
/* End PBXBuildFile section */

/* Begin PBXCopyFilesBuildPhase section */
		31A5DC01234F8893003392C3 /* CopyFiles */ = {
			isa = PBXCopyFilesBuildPhase;
			buildActionMask = 2147483647;
			dstPath = /usr/share/man/man1/;
			dstSubfolderSpec = 0;
			files = (
			);
			runOnlyForDeploymentPostprocessing = 1;
		};
/* End PBXCopyFilesBuildPhase section */

/* Begin PBXFileReference section */
		1997CFB82358083B00869FD4 /* 快慢指针.h */ = {isa = PBXFileReference; lastKnownFileType = sourcecode.c.h; path = "快慢指针.h"; sourceTree = "<group>"; };
		1997CFB92358083B00869FD4 /* 快慢指针.c */ = {isa = PBXFileReference; lastKnownFileType = sourcecode.c.c; path = "快慢指针.c"; sourceTree = "<group>"; };
		310D3B6C2354CDB9007E9165 /* 3-3Stack.h */ = {isa = PBXFileReference; lastKnownFileType = sourcecode.c.h; path = "3-3Stack.h"; sourceTree = "<group>"; };
		310D3B6D2354CDB9007E9165 /* 3-3Stack.c */ = {isa = PBXFileReference; lastKnownFileType = sourcecode.c.c; path = "3-3Stack.c"; sourceTree = "<group>"; };
		310D3B6F2354D512007E9165 /* 3-2-7Examples.h */ = {isa = PBXFileReference; lastKnownFileType = sourcecode.c.h; path = "3-2-7Examples.h"; sourceTree = "<group>"; };
		310D3B702354D512007E9165 /* 3-2-7Examples.c */ = {isa = PBXFileReference; lastKnownFileType = sourcecode.c.c; path = "3-2-7Examples.c"; sourceTree = "<group>"; };
		310D3B722354D5A7007E9165 /* 3-3-3Examples.h */ = {isa = PBXFileReference; lastKnownFileType = sourcecode.c.h; path = "3-3-3Examples.h"; sourceTree = "<group>"; };
		310D3B732354D5A7007E9165 /* 3-3-3Examples.c */ = {isa = PBXFileReference; lastKnownFileType = sourcecode.c.c; path = "3-3-3Examples.c"; sourceTree = "<group>"; };
		310D3B7723561FFC007E9165 /* RadixSort.h */ = {isa = PBXFileReference; lastKnownFileType = sourcecode.c.h; path = RadixSort.h; sourceTree = "<group>"; };
		310D3B7823561FFC007E9165 /* RadixSort.c */ = {isa = PBXFileReference; lastKnownFileType = sourcecode.c.c; path = RadixSort.c; sourceTree = "<group>"; };
		310D3B7A2357EAB8007E9165 /* 反正单链表.h */ = {isa = PBXFileReference; lastKnownFileType = sourcecode.c.h; path = "反正单链表.h"; sourceTree = "<group>"; };
		310D3B7B2357EAB8007E9165 /* 反正单链表.c */ = {isa = PBXFileReference; lastKnownFileType = sourcecode.c.c; path = "反正单链表.c"; sourceTree = "<group>"; };
		310D3B7E235A8F95007E9165 /* LeetCodeStackExamples.h */ = {isa = PBXFileReference; lastKnownFileType = sourcecode.c.h; path = LeetCodeStackExamples.h; sourceTree = "<group>"; };
		310D3B7F235A8F95007E9165 /* LeetCodeStackExamples.c */ = {isa = PBXFileReference; lastKnownFileType = sourcecode.c.c; path = LeetCodeStackExamples.c; sourceTree = "<group>"; };
		310D3B81235A92AF007E9165 /* 平衡符合.h */ = {isa = PBXFileReference; lastKnownFileType = sourcecode.c.h; path = "平衡符合.h"; sourceTree = "<group>"; };
		310D3B82235A92AF007E9165 /* 平衡符合.c */ = {isa = PBXFileReference; lastKnownFileType = sourcecode.c.c; path = "平衡符合.c"; sourceTree = "<group>"; };
		310D3B85235FD360007E9165 /* CPointer.h */ = {isa = PBXFileReference; lastKnownFileType = sourcecode.c.h; path = CPointer.h; sourceTree = "<group>"; };
		310D3B86235FD360007E9165 /* CPointer.c */ = {isa = PBXFileReference; lastKnownFileType = sourcecode.c.c; path = CPointer.c; sourceTree = "<group>"; };
		31A5DC03234F8893003392C3 /* C数据结构与算法学习 */ = {isa = PBXFileReference; explicitFileType = "compiled.mach-o.executable"; includeInIndex = 0; path = "C数据结构与算法学习"; sourceTree = BUILT_PRODUCTS_DIR; };
		31A5DC06234F8893003392C3 /* main.c */ = {isa = PBXFileReference; lastKnownFileType = sourcecode.c.c; path = main.c; sourceTree = "<group>"; };
		31A5DC0E234F88F0003392C3 /* 3-1LinkList.h */ = {isa = PBXFileReference; lastKnownFileType = sourcecode.c.h; path = "3-1LinkList.h"; sourceTree = "<group>"; };
		31A5DC0F234F88F0003392C3 /* 3-1LinkList.c */ = {isa = PBXFileReference; lastKnownFileType = sourcecode.c.c; path = "3-1LinkList.c"; sourceTree = "<group>"; };
/* End PBXFileReference section */

/* Begin PBXFrameworksBuildPhase section */
		31A5DC00234F8893003392C3 /* Frameworks */ = {
			isa = PBXFrameworksBuildPhase;
			buildActionMask = 2147483647;
			files = (
			);
			runOnlyForDeploymentPostprocessing = 0;
		};
/* End PBXFrameworksBuildPhase section */

/* Begin PBXGroup section */
		310D3B6B2354CC9F007E9165 /* 栈 */ = {
			isa = PBXGroup;
			children = (
				310D3B7D235A8F19007E9165 /* 3.3.3课本练习 */,
				310D3B6C2354CDB9007E9165 /* 3-3Stack.h */,
				310D3B6D2354CDB9007E9165 /* 3-3Stack.c */,
				310D3B7E235A8F95007E9165 /* LeetCodeStackExamples.h */,
				310D3B7F235A8F95007E9165 /* LeetCodeStackExamples.c */,
			);
			path = "栈";
			sourceTree = "<group>";
		};
		310D3B752354D7D7007E9165 /* 队列 */ = {
			isa = PBXGroup;
			children = (
			);
			path = "队列";
			sourceTree = "<group>";
		};
		310D3B7623561FDE007E9165 /* 3-2-7课本练习(基数排序) */ = {
			isa = PBXGroup;
			children = (
				310D3B7723561FFC007E9165 /* RadixSort.h */,
				310D3B7823561FFC007E9165 /* RadixSort.c */,
				310D3B7A2357EAB8007E9165 /* 反正单链表.h */,
				310D3B7B2357EAB8007E9165 /* 反正单链表.c */,
				1997CFB82358083B00869FD4 /* 快慢指针.h */,
				1997CFB92358083B00869FD4 /* 快慢指针.c */,
			);
			path = "3-2-7课本练习(基数排序)";
			sourceTree = "<group>";
		};
		310D3B7D235A8F19007E9165 /* 3.3.3课本练习 */ = {
			isa = PBXGroup;
			children = (
				310D3B722354D5A7007E9165 /* 3-3-3Examples.h */,
				310D3B732354D5A7007E9165 /* 3-3-3Examples.c */,
				310D3B81235A92AF007E9165 /* 平衡符合.h */,
				310D3B82235A92AF007E9165 /* 平衡符合.c */,
			);
			path = "3.3.3课本练习";
			sourceTree = "<group>";
		};
		310D3B84235FD339007E9165 /* C语言语法复习 */ = {
			isa = PBXGroup;
			children = (
				310D3B85235FD360007E9165 /* CPointer.h */,
				310D3B86235FD360007E9165 /* CPointer.c */,
			);
			path = "C语言语法复习";
			sourceTree = "<group>";
		};
		31A5DBFA234F8893003392C3 = {
			isa = PBXGroup;
			children = (
				31A5DC05234F8893003392C3 /* C数据结构与算法学习 */,
				31A5DC04234F8893003392C3 /* Products */,
			);
			sourceTree = "<group>";
		};
		31A5DC04234F8893003392C3 /* Products */ = {
			isa = PBXGroup;
			children = (
				31A5DC03234F8893003392C3 /* C数据结构与算法学习 */,
			);
			name = Products;
			sourceTree = "<group>";
		};
		31A5DC05234F8893003392C3 /* C数据结构与算法学习 */ = {
			isa = PBXGroup;
			children = (
				310D3B84235FD339007E9165 /* C语言语法复习 */,
				310D3B752354D7D7007E9165 /* 队列 */,
				310D3B6B2354CC9F007E9165 /* 栈 */,
				31A5DC0D234F88AF003392C3 /* 链表 */,
				31A5DC06234F8893003392C3 /* main.c */,
			);
			path = "C数据结构与算法学习";
			sourceTree = "<group>";
		};
		31A5DC0D234F88AF003392C3 /* 链表 */ = {
			isa = PBXGroup;
			children = (
				310D3B7623561FDE007E9165 /* 3-2-7课本练习(基数排序) */,
				31A5DC0E234F88F0003392C3 /* 3-1LinkList.h */,
				31A5DC0F234F88F0003392C3 /* 3-1LinkList.c */,
				310D3B6F2354D512007E9165 /* 3-2-7Examples.h */,
				310D3B702354D512007E9165 /* 3-2-7Examples.c */,
			);
			path = "链表";
			sourceTree = "<group>";
		};
/* End PBXGroup section */

/* Begin PBXNativeTarget section */
		31A5DC02234F8893003392C3 /* C数据结构与算法学习 */ = {
			isa = PBXNativeTarget;
			buildConfigurationList = 31A5DC0A234F8893003392C3 /* Build configuration list for PBXNativeTarget "C数据结构与算法学习" */;
			buildPhases = (
				31A5DBFF234F8893003392C3 /* Sources */,
				31A5DC00234F8893003392C3 /* Frameworks */,
				31A5DC01234F8893003392C3 /* CopyFiles */,
			);
			buildRules = (
			);
			dependencies = (
			);
			name = "C数据结构与算法学习";
			productName = "C数据结构与算法学习";
			productReference = 31A5DC03234F8893003392C3 /* C数据结构与算法学习 */;
			productType = "com.apple.product-type.tool";
		};
/* End PBXNativeTarget section */

/* Begin PBXProject section */
		31A5DBFB234F8893003392C3 /* Project object */ = {
			isa = PBXProject;
			attributes = {
				LastUpgradeCheck = 1110;
				ORGANIZATIONNAME = "冯才凡";
				TargetAttributes = {
					31A5DC02234F8893003392C3 = {
						CreatedOnToolsVersion = 11.1;
					};
				};
			};
			buildConfigurationList = 31A5DBFE234F8893003392C3 /* Build configuration list for PBXProject "C数据结构与算法学习" */;
			compatibilityVersion = "Xcode 9.3";
			developmentRegion = en;
			hasScannedForEncodings = 0;
			knownRegions = (
				en,
				Base,
			);
			mainGroup = 31A5DBFA234F8893003392C3;
			productRefGroup = 31A5DC04234F8893003392C3 /* Products */;
			projectDirPath = "";
			projectRoot = "";
			targets = (
				31A5DC02234F8893003392C3 /* C数据结构与算法学习 */,
			);
		};
/* End PBXProject section */

/* Begin PBXSourcesBuildPhase section */
		31A5DBFF234F8893003392C3 /* Sources */ = {
			isa = PBXSourcesBuildPhase;
			buildActionMask = 2147483647;
			files = (
				310D3B87235FD360007E9165 /* CPointer.c in Sources */,
				310D3B80235A8F95007E9165 /* LeetCodeStackExamples.c in Sources */,
				310D3B742354D5A7007E9165 /* 3-3-3Examples.c in Sources */,
				310D3B7C2357EAB8007E9165 /* 反正单链表.c in Sources */,
				31A5DC07234F8893003392C3 /* main.c in Sources */,
				1997CFBA2358083B00869FD4 /* 快慢指针.c in Sources */,
				310D3B83235A92AF007E9165 /* 平衡符合.c in Sources */,
				310D3B7923561FFC007E9165 /* RadixSort.c in Sources */,
				310D3B712354D512007E9165 /* 3-2-7Examples.c in Sources */,
				310D3B6E2354CDB9007E9165 /* 3-3Stack.c in Sources */,
				31A5DC10234F88F0003392C3 /* 3-1LinkList.c in Sources */,
			);
			runOnlyForDeploymentPostprocessing = 0;
		};
/* End PBXSourcesBuildPhase section */

/* Begin XCBuildConfiguration section */
		31A5DC08234F8893003392C3 /* Debug */ = {
			isa = XCBuildConfiguration;
			buildSettings = {
				ALWAYS_SEARCH_USER_PATHS = NO;
				CLANG_ANALYZER_NONNULL = YES;
				CLANG_ANALYZER_NUMBER_OBJECT_CONVERSION = YES_AGGRESSIVE;
				CLANG_CXX_LANGUAGE_STANDARD = "gnu++14";
				CLANG_CXX_LIBRARY = "libc++";
				CLANG_ENABLE_MODULES = YES;
				CLANG_ENABLE_OBJC_ARC = YES;
				CLANG_ENABLE_OBJC_WEAK = YES;
				CLANG_WARN_BLOCK_CAPTURE_AUTORELEASING = YES;
				CLANG_WARN_BOOL_CONVERSION = YES;
				CLANG_WARN_COMMA = YES;
				CLANG_WARN_CONSTANT_CONVERSION = YES;
				CLANG_WARN_DEPRECATED_OBJC_IMPLEMENTATIONS = YES;
				CLANG_WARN_DIRECT_OBJC_ISA_USAGE = YES_ERROR;
				CLANG_WARN_DOCUMENTATION_COMMENTS = YES;
				CLANG_WARN_EMPTY_BODY = YES;
				CLANG_WARN_ENUM_CONVERSION = YES;
				CLANG_WARN_INFINITE_RECURSION = YES;
				CLANG_WARN_INT_CONVERSION = YES;
				CLANG_WARN_NON_LITERAL_NULL_CONVERSION = YES;
				CLANG_WARN_OBJC_IMPLICIT_RETAIN_SELF = YES;
				CLANG_WARN_OBJC_LITERAL_CONVERSION = YES;
				CLANG_WARN_OBJC_ROOT_CLASS = YES_ERROR;
				CLANG_WARN_RANGE_LOOP_ANALYSIS = YES;
				CLANG_WARN_STRICT_PROTOTYPES = YES;
				CLANG_WARN_SUSPICIOUS_MOVE = YES;
				CLANG_WARN_UNGUARDED_AVAILABILITY = YES_AGGRESSIVE;
				CLANG_WARN_UNREACHABLE_CODE = YES;
				CLANG_WARN__DUPLICATE_METHOD_MATCH = YES;
				COPY_PHASE_STRIP = NO;
				DEBUG_INFORMATION_FORMAT = dwarf;
				ENABLE_STRICT_OBJC_MSGSEND = YES;
				ENABLE_TESTABILITY = YES;
				GCC_C_LANGUAGE_STANDARD = gnu11;
				GCC_DYNAMIC_NO_PIC = NO;
				GCC_NO_COMMON_BLOCKS = YES;
				GCC_OPTIMIZATION_LEVEL = 0;
				GCC_PREPROCESSOR_DEFINITIONS = (
					"DEBUG=1",
					"$(inherited)",
				);
				GCC_WARN_64_TO_32_BIT_CONVERSION = YES;
				GCC_WARN_ABOUT_RETURN_TYPE = YES_ERROR;
				GCC_WARN_UNDECLARED_SELECTOR = YES;
				GCC_WARN_UNINITIALIZED_AUTOS = YES_AGGRESSIVE;
				GCC_WARN_UNUSED_FUNCTION = YES;
				GCC_WARN_UNUSED_VARIABLE = YES;
				MACOSX_DEPLOYMENT_TARGET = 10.14;
				MTL_ENABLE_DEBUG_INFO = INCLUDE_SOURCE;
				MTL_FAST_MATH = YES;
				ONLY_ACTIVE_ARCH = YES;
				SDKROOT = macosx;
			};
			name = Debug;
		};
		31A5DC09234F8893003392C3 /* Release */ = {
			isa = XCBuildConfiguration;
			buildSettings = {
				ALWAYS_SEARCH_USER_PATHS = NO;
				CLANG_ANALYZER_NONNULL = YES;
				CLANG_ANALYZER_NUMBER_OBJECT_CONVERSION = YES_AGGRESSIVE;
				CLANG_CXX_LANGUAGE_STANDARD = "gnu++14";
				CLANG_CXX_LIBRARY = "libc++";
				CLANG_ENABLE_MODULES = YES;
				CLANG_ENABLE_OBJC_ARC = YES;
				CLANG_ENABLE_OBJC_WEAK = YES;
				CLANG_WARN_BLOCK_CAPTURE_AUTORELEASING = YES;
				CLANG_WARN_BOOL_CONVERSION = YES;
				CLANG_WARN_COMMA = YES;
				CLANG_WARN_CONSTANT_CONVERSION = YES;
				CLANG_WARN_DEPRECATED_OBJC_IMPLEMENTATIONS = YES;
				CLANG_WARN_DIRECT_OBJC_ISA_USAGE = YES_ERROR;
				CLANG_WARN_DOCUMENTATION_COMMENTS = YES;
				CLANG_WARN_EMPTY_BODY = YES;
				CLANG_WARN_ENUM_CONVERSION = YES;
				CLANG_WARN_INFINITE_RECURSION = YES;
				CLANG_WARN_INT_CONVERSION = YES;
				CLANG_WARN_NON_LITERAL_NULL_CONVERSION = YES;
				CLANG_WARN_OBJC_IMPLICIT_RETAIN_SELF = YES;
				CLANG_WARN_OBJC_LITERAL_CONVERSION = YES;
				CLANG_WARN_OBJC_ROOT_CLASS = YES_ERROR;
				CLANG_WARN_RANGE_LOOP_ANALYSIS = YES;
				CLANG_WARN_STRICT_PROTOTYPES = YES;
				CLANG_WARN_SUSPICIOUS_MOVE = YES;
				CLANG_WARN_UNGUARDED_AVAILABILITY = YES_AGGRESSIVE;
				CLANG_WARN_UNREACHABLE_CODE = YES;
				CLANG_WARN__DUPLICATE_METHOD_MATCH = YES;
				COPY_PHASE_STRIP = NO;
				DEBUG_INFORMATION_FORMAT = "dwarf-with-dsym";
				ENABLE_NS_ASSERTIONS = NO;
				ENABLE_STRICT_OBJC_MSGSEND = YES;
				GCC_C_LANGUAGE_STANDARD = gnu11;
				GCC_NO_COMMON_BLOCKS = YES;
				GCC_WARN_64_TO_32_BIT_CONVERSION = YES;
				GCC_WARN_ABOUT_RETURN_TYPE = YES_ERROR;
				GCC_WARN_UNDECLARED_SELECTOR = YES;
				GCC_WARN_UNINITIALIZED_AUTOS = YES_AGGRESSIVE;
				GCC_WARN_UNUSED_FUNCTION = YES;
				GCC_WARN_UNUSED_VARIABLE = YES;
				MACOSX_DEPLOYMENT_TARGET = 10.14;
				MTL_ENABLE_DEBUG_INFO = NO;
				MTL_FAST_MATH = YES;
				SDKROOT = macosx;
			};
			name = Release;
		};
		31A5DC0B234F8893003392C3 /* Debug */ = {
			isa = XCBuildConfiguration;
			buildSettings = {
				CODE_SIGN_STYLE = Automatic;
				PRODUCT_NAME = "$(TARGET_NAME)";
			};
			name = Debug;
		};
		31A5DC0C234F8893003392C3 /* Release */ = {
			isa = XCBuildConfiguration;
			buildSettings = {
				CODE_SIGN_STYLE = Automatic;
				PRODUCT_NAME = "$(TARGET_NAME)";
			};
			name = Release;
		};
/* End XCBuildConfiguration section */

/* Begin XCConfigurationList section */
		31A5DBFE234F8893003392C3 /* Build configuration list for PBXProject "C数据结构与算法学习" */ = {
			isa = XCConfigurationList;
			buildConfigurations = (
				31A5DC08234F8893003392C3 /* Debug */,
				31A5DC09234F8893003392C3 /* Release */,
			);
			defaultConfigurationIsVisible = 0;
			defaultConfigurationName = Release;
		};
		31A5DC0A234F8893003392C3 /* Build configuration list for PBXNativeTarget "C数据结构与算法学习" */ = {
			isa = XCConfigurationList;
			buildConfigurations = (
				31A5DC0B234F8893003392C3 /* Debug */,
				31A5DC0C234F8893003392C3 /* Release */,
			);
			defaultConfigurationIsVisible = 0;
			defaultConfigurationName = Release;
		};
/* End XCConfigurationList section */
	};
	rootObject = 31A5DBFB234F8893003392C3 /* Project object */;
}
