// !$*UTF8*$!
{
	archiveVersion = 1;
	classes = {
	};
	objectVersion = 50;
	objects = {

/* Begin PBXBuildFile section */
		196CCC642396445600052926 /* AppDelegate.swift in Sources */ = {isa = PBXBuildFile; fileRef = 196CCC632396445600052926 /* AppDelegate.swift */; };
		196CCC662396445600052926 /* SceneDelegate.swift in Sources */ = {isa = PBXBuildFile; fileRef = 196CCC652396445600052926 /* SceneDelegate.swift */; };
		196CCC682396445600052926 /* ViewController.swift in Sources */ = {isa = PBXBuildFile; fileRef = 196CCC672396445600052926 /* ViewController.swift */; };
		196CCC6B2396445600052926 /* Main.storyboard in Resources */ = {isa = PBXBuildFile; fileRef = 196CCC692396445600052926 /* Main.storyboard */; };
		196CCC6D2396445800052926 /* Assets.xcassets in Resources */ = {isa = PBXBuildFile; fileRef = 196CCC6C2396445800052926 /* Assets.xcassets */; };
		196CCC702396445800052926 /* LaunchScreen.storyboard in Resources */ = {isa = PBXBuildFile; fileRef = 196CCC6E2396445800052926 /* LaunchScreen.storyboard */; };
		196CCC792396447800052926 /* QuickSort.swift in Sources */ = {isa = PBXBuildFile; fileRef = 196CCC782396447800052926 /* QuickSort.swift */; };
/* End PBXBuildFile section */

/* Begin PBXFileReference section */
		196CCC602396445600052926 /* Swift数据结构与算法学习.app */ = {isa = PBXFileReference; explicitFileType = wrapper.application; includeInIndex = 0; path = "Swift数据结构与算法学习.app"; sourceTree = BUILT_PRODUCTS_DIR; };
		196CCC632396445600052926 /* AppDelegate.swift */ = {isa = PBXFileReference; lastKnownFileType = sourcecode.swift; path = AppDelegate.swift; sourceTree = "<group>"; };
		196CCC652396445600052926 /* SceneDelegate.swift */ = {isa = PBXFileReference; lastKnownFileType = sourcecode.swift; path = SceneDelegate.swift; sourceTree = "<group>"; };
		196CCC672396445600052926 /* ViewController.swift */ = {isa = PBXFileReference; lastKnownFileType = sourcecode.swift; path = ViewController.swift; sourceTree = "<group>"; };
		196CCC6A2396445600052926 /* Base */ = {isa = PBXFileReference; lastKnownFileType = file.storyboard; name = Base; path = Base.lproj/Main.storyboard; sourceTree = "<group>"; };
		196CCC6C2396445800052926 /* Assets.xcassets */ = {isa = PBXFileReference; lastKnownFileType = folder.assetcatalog; path = Assets.xcassets; sourceTree = "<group>"; };
		196CCC6F2396445800052926 /* Base */ = {isa = PBXFileReference; lastKnownFileType = file.storyboard; name = Base; path = Base.lproj/LaunchScreen.storyboard; sourceTree = "<group>"; };
		196CCC712396445800052926 /* Info.plist */ = {isa = PBXFileReference; lastKnownFileType = text.plist.xml; path = Info.plist; sourceTree = "<group>"; };
		196CCC782396447800052926 /* QuickSort.swift */ = {isa = PBXFileReference; lastKnownFileType = sourcecode.swift; path = QuickSort.swift; sourceTree = "<group>"; };
/* End PBXFileReference section */

/* Begin PBXFrameworksBuildPhase section */
		196CCC5D2396445600052926 /* Frameworks */ = {
			isa = PBXFrameworksBuildPhase;
			buildActionMask = 2147483647;
			files = (
			);
			runOnlyForDeploymentPostprocessing = 0;
		};
/* End PBXFrameworksBuildPhase section */

/* Begin PBXGroup section */
		196CCC572396445600052926 = {
			isa = PBXGroup;
			children = (
				196CCC622396445600052926 /* Swift数据结构与算法学习 */,
				196CCC612396445600052926 /* Products */,
			);
			sourceTree = "<group>";
		};
		196CCC612396445600052926 /* Products */ = {
			isa = PBXGroup;
			children = (
				196CCC602396445600052926 /* Swift数据结构与算法学习.app */,
			);
			name = Products;
			sourceTree = "<group>";
		};
		196CCC622396445600052926 /* Swift数据结构与算法学习 */ = {
			isa = PBXGroup;
			children = (
				196CCC772396446200052926 /* Sort */,
				196CCC632396445600052926 /* AppDelegate.swift */,
				196CCC652396445600052926 /* SceneDelegate.swift */,
				196CCC672396445600052926 /* ViewController.swift */,
				196CCC692396445600052926 /* Main.storyboard */,
				196CCC6C2396445800052926 /* Assets.xcassets */,
				196CCC6E2396445800052926 /* LaunchScreen.storyboard */,
				196CCC712396445800052926 /* Info.plist */,
			);
			path = "Swift数据结构与算法学习";
			sourceTree = "<group>";
		};
		196CCC772396446200052926 /* Sort */ = {
			isa = PBXGroup;
			children = (
				196CCC782396447800052926 /* QuickSort.swift */,
			);
			path = Sort;
			sourceTree = "<group>";
		};
/* End PBXGroup section */

/* Begin PBXNativeTarget section */
		196CCC5F2396445600052926 /* Swift数据结构与算法学习 */ = {
			isa = PBXNativeTarget;
			buildConfigurationList = 196CCC742396445800052926 /* Build configuration list for PBXNativeTarget "Swift数据结构与算法学习" */;
			buildPhases = (
				196CCC5C2396445600052926 /* Sources */,
				196CCC5D2396445600052926 /* Frameworks */,
				196CCC5E2396445600052926 /* Resources */,
			);
			buildRules = (
			);
			dependencies = (
			);
			name = "Swift数据结构与算法学习";
			productName = "Swift数据结构与算法学习";
			productReference = 196CCC602396445600052926 /* Swift数据结构与算法学习.app */;
			productType = "com.apple.product-type.application";
		};
/* End PBXNativeTarget section */

/* Begin PBXProject section */
		196CCC582396445600052926 /* Project object */ = {
			isa = PBXProject;
			attributes = {
				LastSwiftUpdateCheck = 1120;
				LastUpgradeCheck = 1120;
				ORGANIZATIONNAME = "冯才凡";
				TargetAttributes = {
					196CCC5F2396445600052926 = {
						CreatedOnToolsVersion = 11.2.1;
					};
				};
			};
			buildConfigurationList = 196CCC5B2396445600052926 /* Build configuration list for PBXProject "Swift数据结构与算法学习" */;
			compatibilityVersion = "Xcode 9.3";
			developmentRegion = en;
			hasScannedForEncodings = 0;
			knownRegions = (
				en,
				Base,
			);
			mainGroup = 196CCC572396445600052926;
			productRefGroup = 196CCC612396445600052926 /* Products */;
			projectDirPath = "";
			projectRoot = "";
			targets = (
				196CCC5F2396445600052926 /* Swift数据结构与算法学习 */,
			);
		};
/* End PBXProject section */

/* Begin PBXResourcesBuildPhase section */
		196CCC5E2396445600052926 /* Resources */ = {
			isa = PBXResourcesBuildPhase;
			buildActionMask = 2147483647;
			files = (
				196CCC702396445800052926 /* LaunchScreen.storyboard in Resources */,
				196CCC6D2396445800052926 /* Assets.xcassets in Resources */,
				196CCC6B2396445600052926 /* Main.storyboard in Resources */,
			);
			runOnlyForDeploymentPostprocessing = 0;
		};
/* End PBXResourcesBuildPhase section */

/* Begin PBXSourcesBuildPhase section */
		196CCC5C2396445600052926 /* Sources */ = {
			isa = PBXSourcesBuildPhase;
			buildActionMask = 2147483647;
			files = (
				196CCC682396445600052926 /* ViewController.swift in Sources */,
				196CCC642396445600052926 /* AppDelegate.swift in Sources */,
				196CCC662396445600052926 /* SceneDelegate.swift in Sources */,
				196CCC792396447800052926 /* QuickSort.swift in Sources */,
			);
			runOnlyForDeploymentPostprocessing = 0;
		};
/* End PBXSourcesBuildPhase section */

/* Begin PBXVariantGroup section */
		196CCC692396445600052926 /* Main.storyboard */ = {
			isa = PBXVariantGroup;
			children = (
				196CCC6A2396445600052926 /* Base */,
			);
			name = Main.storyboard;
			sourceTree = "<group>";
		};
		196CCC6E2396445800052926 /* LaunchScreen.storyboard */ = {
			isa = PBXVariantGroup;
			children = (
				196CCC6F2396445800052926 /* Base */,
			);
			name = LaunchScreen.storyboard;
			sourceTree = "<group>";
		};
/* End PBXVariantGroup section */

/* Begin XCBuildConfiguration section */
		196CCC722396445800052926 /* Debug */ = {
			isa = XCBuildConfiguration;
			buildSettings = {
				ALWAYS_SEARCH_USER_PATHS = NO;
				CLANG_ANALYZER_NONNULL = YES;
				CLANG_ANALYZER_NUMBER_OBJECT_CONVERSION = YES_AGGRESSIVE;
				CLANG_CXX_LANGUAGE_STANDARD = "gnu++14";
				CLANG_CXX_LIBRARY = "libc++";
				CLANG_ENABLE_MODULES = YES;
				CLANG_ENABLE_OBJC_ARC = YES;
				CLANG_ENABLE_OBJC_WEAK = YES;
				CLANG_WARN_BLOCK_CAPTURE_AUTORELEASING = YES;
				CLANG_WARN_BOOL_CONVERSION = YES;
				CLANG_WARN_COMMA = YES;
				CLANG_WARN_CONSTANT_CONVERSION = YES;
				CLANG_WARN_DEPRECATED_OBJC_IMPLEMENTATIONS = YES;
				CLANG_WARN_DIRECT_OBJC_ISA_USAGE = YES_ERROR;
				CLANG_WARN_DOCUMENTATION_COMMENTS = YES;
				CLANG_WARN_EMPTY_BODY = YES;
				CLANG_WARN_ENUM_CONVERSION = YES;
				CLANG_WARN_INFINITE_RECURSION = YES;
				CLANG_WARN_INT_CONVERSION = YES;
				CLANG_WARN_NON_LITERAL_NULL_CONVERSION = YES;
				CLANG_WARN_OBJC_IMPLICIT_RETAIN_SELF = YES;
				CLANG_WARN_OBJC_LITERAL_CONVERSION = YES;
				CLANG_WARN_OBJC_ROOT_CLASS = YES_ERROR;
				CLANG_WARN_RANGE_LOOP_ANALYSIS = YES;
				CLANG_WARN_STRICT_PROTOTYPES = YES;
				CLANG_WARN_SUSPICIOUS_MOVE = YES;
				CLANG_WARN_UNGUARDED_AVAILABILITY = YES_AGGRESSIVE;
				CLANG_WARN_UNREACHABLE_CODE = YES;
				CLANG_WARN__DUPLICATE_METHOD_MATCH = YES;
				COPY_PHASE_STRIP = NO;
				DEBUG_INFORMATION_FORMAT = dwarf;
				ENABLE_STRICT_OBJC_MSGSEND = YES;
				ENABLE_TESTABILITY = YES;
				GCC_C_LANGUAGE_STANDARD = gnu11;
				GCC_DYNAMIC_NO_PIC = NO;
				GCC_NO_COMMON_BLOCKS = YES;
				GCC_OPTIMIZATION_LEVEL = 0;
				GCC_PREPROCESSOR_DEFINITIONS = (
					"DEBUG=1",
					"$(inherited)",
				);
				GCC_WARN_64_TO_32_BIT_CONVERSION = YES;
				GCC_WARN_ABOUT_RETURN_TYPE = YES_ERROR;
				GCC_WARN_UNDECLARED_SELECTOR = YES;
				GCC_WARN_UNINITIALIZED_AUTOS = YES_AGGRESSIVE;
				GCC_WARN_UNUSED_FUNCTION = YES;
				GCC_WARN_UNUSED_VARIABLE = YES;
				IPHONEOS_DEPLOYMENT_TARGET = 13.2;
				MTL_ENABLE_DEBUG_INFO = INCLUDE_SOURCE;
				MTL_FAST_MATH = YES;
				ONLY_ACTIVE_ARCH = YES;
				SDKROOT = iphoneos;
				SWIFT_ACTIVE_COMPILATION_CONDITIONS = DEBUG;
				SWIFT_OPTIMIZATION_LEVEL = "-Onone";
			};
			name = Debug;
		};
		196CCC732396445800052926 /* Release */ = {
			isa = XCBuildConfiguration;
			buildSettings = {
				ALWAYS_SEARCH_USER_PATHS = NO;
				CLANG_ANALYZER_NONNULL = YES;
				CLANG_ANALYZER_NUMBER_OBJECT_CONVERSION = YES_AGGRESSIVE;
				CLANG_CXX_LANGUAGE_STANDARD = "gnu++14";
				CLANG_CXX_LIBRARY = "libc++";
				CLANG_ENABLE_MODULES = YES;
				CLANG_ENABLE_OBJC_ARC = YES;
				CLANG_ENABLE_OBJC_WEAK = YES;
				CLANG_WARN_BLOCK_CAPTURE_AUTORELEASING = YES;
				CLANG_WARN_BOOL_CONVERSION = YES;
				CLANG_WARN_COMMA = YES;
				CLANG_WARN_CONSTANT_CONVERSION = YES;
				CLANG_WARN_DEPRECATED_OBJC_IMPLEMENTATIONS = YES;
				CLANG_WARN_DIRECT_OBJC_ISA_USAGE = YES_ERROR;
				CLANG_WARN_DOCUMENTATION_COMMENTS = YES;
				CLANG_WARN_EMPTY_BODY = YES;
				CLANG_WARN_ENUM_CONVERSION = YES;
				CLANG_WARN_INFINITE_RECURSION = YES;
				CLANG_WARN_INT_CONVERSION = YES;
				CLANG_WARN_NON_LITERAL_NULL_CONVERSION = YES;
				CLANG_WARN_OBJC_IMPLICIT_RETAIN_SELF = YES;
				CLANG_WARN_OBJC_LITERAL_CONVERSION = YES;
				CLANG_WARN_OBJC_ROOT_CLASS = YES_ERROR;
				CLANG_WARN_RANGE_LOOP_ANALYSIS = YES;
				CLANG_WARN_STRICT_PROTOTYPES = YES;
				CLANG_WARN_SUSPICIOUS_MOVE = YES;
				CLANG_WARN_UNGUARDED_AVAILABILITY = YES_AGGRESSIVE;
				CLANG_WARN_UNREACHABLE_CODE = YES;
				CLANG_WARN__DUPLICATE_METHOD_MATCH = YES;
				COPY_PHASE_STRIP = NO;
				DEBUG_INFORMATION_FORMAT = "dwarf-with-dsym";
				ENABLE_NS_ASSERTIONS = NO;
				ENABLE_STRICT_OBJC_MSGSEND = YES;
				GCC_C_LANGUAGE_STANDARD = gnu11;
				GCC_NO_COMMON_BLOCKS = YES;
				GCC_WARN_64_TO_32_BIT_CONVERSION = YES;
				GCC_WARN_ABOUT_RETURN_TYPE = YES_ERROR;
				GCC_WARN_UNDECLARED_SELECTOR = YES;
				GCC_WARN_UNINITIALIZED_AUTOS = YES_AGGRESSIVE;
				GCC_WARN_UNUSED_FUNCTION = YES;
				GCC_WARN_UNUSED_VARIABLE = YES;
				IPHONEOS_DEPLOYMENT_TARGET = 13.2;
				MTL_ENABLE_DEBUG_INFO = NO;
				MTL_FAST_MATH = YES;
				SDKROOT = iphoneos;
				SWIFT_COMPILATION_MODE = wholemodule;
				SWIFT_OPTIMIZATION_LEVEL = "-O";
				VALIDATE_PRODUCT = YES;
			};
			name = Release;
		};
		196CCC752396445800052926 /* Debug */ = {
			isa = XCBuildConfiguration;
			buildSettings = {
				ASSETCATALOG_COMPILER_APPICON_NAME = AppIcon;
				CODE_SIGN_STYLE = Automatic;
				INFOPLIST_FILE = "Swift数据结构与算法学习/Info.plist";
				LD_RUNPATH_SEARCH_PATHS = (
					"$(inherited)",
					"@executable_path/Frameworks",
				);
				PRODUCT_BUNDLE_IDENTIFIER = "com.fcf.MoyaTest.Swift---------";
				PRODUCT_NAME = "$(TARGET_NAME)";
				SWIFT_VERSION = 5.0;
				TARGETED_DEVICE_FAMILY = "1,2";
			};
			name = Debug;
		};
		196CCC762396445800052926 /* Release */ = {
			isa = XCBuildConfiguration;
			buildSettings = {
				ASSETCATALOG_COMPILER_APPICON_NAME = AppIcon;
				CODE_SIGN_STYLE = Automatic;
				INFOPLIST_FILE = "Swift数据结构与算法学习/Info.plist";
				LD_RUNPATH_SEARCH_PATHS = (
					"$(inherited)",
					"@executable_path/Frameworks",
				);
				PRODUCT_BUNDLE_IDENTIFIER = "com.fcf.MoyaTest.Swift---------";
				PRODUCT_NAME = "$(TARGET_NAME)";
				SWIFT_VERSION = 5.0;
				TARGETED_DEVICE_FAMILY = "1,2";
			};
			name = Release;
		};
/* End XCBuildConfiguration section */

/* Begin XCConfigurationList section */
		196CCC5B2396445600052926 /* Build configuration list for PBXProject "Swift数据结构与算法学习" */ = {
			isa = XCConfigurationList;
			buildConfigurations = (
				196CCC722396445800052926 /* Debug */,
				196CCC732396445800052926 /* Release */,
			);
			defaultConfigurationIsVisible = 0;
			defaultConfigurationName = Release;
		};
		196CCC742396445800052926 /* Build configuration list for PBXNativeTarget "Swift数据结构与算法学习" */ = {
			isa = XCConfigurationList;
			buildConfigurations = (
				196CCC752396445800052926 /* Debug */,
				196CCC762396445800052926 /* Release */,
			);
			defaultConfigurationIsVisible = 0;
			defaultConfigurationName = Release;
		};
/* End XCConfigurationList section */
	};
	rootObject = 196CCC582396445600052926 /* Project object */;
}
